
Microsoft Visual Studio Solution File, Format Version 12.00
# Visual Studio Version 16
VisualStudioVersion = 16.0.28922.388
MinimumVisualStudioVersion = 10.0.40219.1
Project("{FAE04EC0-301F-11D3-BF4B-00C04F79EFBC}") = "RayTracer.Library", "RayTracer.Library\RayTracer.Library.csproj", "{5892EDBC-31A3-45BE-BBD7-11ACACDD2804}"
EndProject
Project("{FAE04EC0-301F-11D3-BF4B-00C04F79EFBC}") = "RayTracer.UnitTests", "RayTracer.UnitTests\RayTracer.UnitTests.csproj", "{469CC64C-7108-4CAF-B611-D609F936F46C}"
EndProject
Global
	GlobalSection(SolutionConfigurationPlatforms) = preSolution
		Debug|Any CPU = Debug|Any CPU
		Release|Any CPU = Release|Any CPU
	EndGlobalSection
	GlobalSection(ProjectConfigurationPlatforms) = postSolution
		{5892EDBC-31A3-45BE-BBD7-11ACACDD2804}.Debug|Any CPU.ActiveCfg = Debug|Any CPU
		{5892EDBC-31A3-45BE-BBD7-11ACACDD2804}.Debug|Any CPU.Build.0 = Debug|Any CPU
		{5892EDBC-31A3-45BE-BBD7-11ACACDD2804}.Release|Any CPU.ActiveCfg = Release|Any CPU
		{5892EDBC-31A3-45BE-BBD7-11ACACDD2804}.Release|Any CPU.Build.0 = Release|Any CPU
		{469CC64C-7108-4CAF-B611-D609F936F46C}.Debug|Any CPU.ActiveCfg = Debug|Any CPU
		{469CC64C-7108-4CAF-B611-D609F936F46C}.Debug|Any CPU.Build.0 = Debug|Any CPU
		{469CC64C-7108-4CAF-B611-D609F936F46C}.Release|Any CPU.ActiveCfg = Release|Any CPU
		{469CC64C-7108-4CAF-B611-D609F936F46C}.Release|Any CPU.Build.0 = Release|Any CPU
	EndGlobalSection
	GlobalSection(SolutionProperties) = preSolution
		HideSolutionNode = FALSE
	EndGlobalSection
	GlobalSection(ExtensibilityGlobals) = postSolution
		SolutionGuid = {028DCB89-61DD-45EF-98A4-ECC447709448}
	EndGlobalSection
EndGlobal
